
Microsoft Visual Studio Solution File, Format Version 12.00
# Visual Studio Version 16
VisualStudioVersion = 25.0.1705.4
MinimumVisualStudioVersion = 10.0.40219.1
Project("{FAE04EC0-301F-11D3-BF4B-00C04F79EFBC}") = "M2S03 - DevInHouse", "M2S03 - DevInHouse\M2S03 - DevInHouse.csproj", "{121C308F-BCA2-441A-9DF8-491F114252B4}"
EndProject
Project("{FAE04EC0-301F-11D3-BF4B-00C04F79EFBC}") = "CadastroDeCarros", "CadastroDeCarros\CadastroDeCarros.csproj", "{7FB097A3-EA84-4BB7-84B7-B00519C1F29D}"
EndProject
Global
	GlobalSection(SolutionConfigurationPlatforms) = preSolution
		Debug|Any CPU = Debug|Any CPU
		Release|Any CPU = Release|Any CPU
	EndGlobalSection
	GlobalSection(ProjectConfigurationPlatforms) = postSolution
		{121C308F-BCA2-441A-9DF8-491F114252B4}.Debug|Any CPU.ActiveCfg = Debug|Any CPU
		{121C308F-BCA2-441A-9DF8-491F114252B4}.Debug|Any CPU.Build.0 = Debug|Any CPU
		{121C308F-BCA2-441A-9DF8-491F114252B4}.Release|Any CPU.ActiveCfg = Release|Any CPU
		{121C308F-BCA2-441A-9DF8-491F114252B4}.Release|Any CPU.Build.0 = Release|Any CPU
		{7FB097A3-EA84-4BB7-84B7-B00519C1F29D}.Debug|Any CPU.ActiveCfg = Debug|Any CPU
		{7FB097A3-EA84-4BB7-84B7-B00519C1F29D}.Debug|Any CPU.Build.0 = Debug|Any CPU
		{7FB097A3-EA84-4BB7-84B7-B00519C1F29D}.Release|Any CPU.ActiveCfg = Release|Any CPU
		{7FB097A3-EA84-4BB7-84B7-B00519C1F29D}.Release|Any CPU.Build.0 = Release|Any CPU
	EndGlobalSection
	GlobalSection(SolutionProperties) = preSolution
		HideSolutionNode = FALSE
	EndGlobalSection
	GlobalSection(ExtensibilityGlobals) = postSolution
		SolutionGuid = {1002DA91-B602-4474-9E81-8D3E661ADC5B}
	EndGlobalSection
EndGlobal
